
Microsoft Visual Studio Solution File, Format Version 12.00
# Visual Studio Version 17
VisualStudioVersion = 17.1.32328.378
MinimumVisualStudioVersion = 10.0.40219.1
Project("{9A19103F-16F7-4668-BE54-9A1E7A4F7556}") = "SwissTransport", "src\SwissTransport\SwissTransport.csproj", "{D0262178-A48F-4DE0-807B-E76B63E39421}"
EndProject
Project("{9A19103F-16F7-4668-BE54-9A1E7A4F7556}") = "SwissTransportTest", "tests\SwissTransportTest\SwissTransportTest.csproj", "{959C6E54-5B1C-40F5-938A-C57B17451421}"
EndProject
Project("{9A19103F-16F7-4668-BE54-9A1E7A4F7556}") = "SwissTransportGUI", "SwissTransportGUI\SwissTransportGUI.csproj", "{2C9D9F11-51A2-4D7D-9D7D-703A6717391A}"
	ProjectSection(ProjectDependencies) = postProject
		{D0262178-A48F-4DE0-807B-E76B63E39421} = {D0262178-A48F-4DE0-807B-E76B63E39421}
	EndProjectSection
EndProject
Project("{9A19103F-16F7-4668-BE54-9A1E7A4F7556}") = "SwissTransportGUITest", "SwissTransportGUITest\SwissTransportGUITest.csproj", "{5D280397-F1B5-41FF-9C37-D7EB22437E2D}"
EndProject
Project("{2150E333-8FDC-42A3-9474-1A3956D46DE8}") = "docs", "docs", "{CDF56FED-9909-4703-A7B2-2305009705BE}"
EndProject
Project("{54435603-DBB4-11D2-8724-00A0C9A8B90C}") = "SwissTransportSetup", "SwissTransportSetup\SwissTransportSetup.vdproj", "{67364884-B665-4416-BE64-33786A0CB68E}"
EndProject
Global
	GlobalSection(SolutionConfigurationPlatforms) = preSolution
		All|Any CPU = All|Any CPU
		Debug|Any CPU = Debug|Any CPU
		Release|Any CPU = Release|Any CPU
	EndGlobalSection
	GlobalSection(ProjectConfigurationPlatforms) = postSolution
		{D0262178-A48F-4DE0-807B-E76B63E39421}.All|Any CPU.ActiveCfg = Release|Any CPU
		{D0262178-A48F-4DE0-807B-E76B63E39421}.All|Any CPU.Build.0 = Release|Any CPU
		{D0262178-A48F-4DE0-807B-E76B63E39421}.Debug|Any CPU.ActiveCfg = Debug|Any CPU
		{D0262178-A48F-4DE0-807B-E76B63E39421}.Debug|Any CPU.Build.0 = Debug|Any CPU
		{D0262178-A48F-4DE0-807B-E76B63E39421}.Release|Any CPU.ActiveCfg = Release|Any CPU
		{D0262178-A48F-4DE0-807B-E76B63E39421}.Release|Any CPU.Build.0 = Release|Any CPU
		{959C6E54-5B1C-40F5-938A-C57B17451421}.All|Any CPU.ActiveCfg = Release|Any CPU
		{959C6E54-5B1C-40F5-938A-C57B17451421}.All|Any CPU.Build.0 = Release|Any CPU
		{959C6E54-5B1C-40F5-938A-C57B17451421}.Debug|Any CPU.ActiveCfg = Debug|Any CPU
		{959C6E54-5B1C-40F5-938A-C57B17451421}.Debug|Any CPU.Build.0 = Debug|Any CPU
		{959C6E54-5B1C-40F5-938A-C57B17451421}.Release|Any CPU.ActiveCfg = Release|Any CPU
		{959C6E54-5B1C-40F5-938A-C57B17451421}.Release|Any CPU.Build.0 = Release|Any CPU
		{2C9D9F11-51A2-4D7D-9D7D-703A6717391A}.All|Any CPU.ActiveCfg = Release|Any CPU
		{2C9D9F11-51A2-4D7D-9D7D-703A6717391A}.All|Any CPU.Build.0 = Release|Any CPU
		{2C9D9F11-51A2-4D7D-9D7D-703A6717391A}.Debug|Any CPU.ActiveCfg = Debug|Any CPU
		{2C9D9F11-51A2-4D7D-9D7D-703A6717391A}.Debug|Any CPU.Build.0 = Debug|Any CPU
		{2C9D9F11-51A2-4D7D-9D7D-703A6717391A}.Release|Any CPU.ActiveCfg = Release|Any CPU
		{2C9D9F11-51A2-4D7D-9D7D-703A6717391A}.Release|Any CPU.Build.0 = Release|Any CPU
		{5D280397-F1B5-41FF-9C37-D7EB22437E2D}.All|Any CPU.ActiveCfg = Release|Any CPU
		{5D280397-F1B5-41FF-9C37-D7EB22437E2D}.All|Any CPU.Build.0 = Release|Any CPU
		{5D280397-F1B5-41FF-9C37-D7EB22437E2D}.Debug|Any CPU.ActiveCfg = Debug|Any CPU
		{5D280397-F1B5-41FF-9C37-D7EB22437E2D}.Debug|Any CPU.Build.0 = Debug|Any CPU
		{5D280397-F1B5-41FF-9C37-D7EB22437E2D}.Release|Any CPU.ActiveCfg = Release|Any CPU
		{5D280397-F1B5-41FF-9C37-D7EB22437E2D}.Release|Any CPU.Build.0 = Release|Any CPU
		{67364884-B665-4416-BE64-33786A0CB68E}.All|Any CPU.ActiveCfg = Debug
		{67364884-B665-4416-BE64-33786A0CB68E}.Debug|Any CPU.ActiveCfg = Debug
		{67364884-B665-4416-BE64-33786A0CB68E}.Release|Any CPU.ActiveCfg = Release
	EndGlobalSection
	GlobalSection(SolutionProperties) = preSolution
		HideSolutionNode = FALSE
	EndGlobalSection
	GlobalSection(ExtensibilityGlobals) = postSolution
		SolutionGuid = {53A467C9-0864-4C6F-B775-52CD5C2B8468}
	EndGlobalSection
EndGlobal
